
Microsoft Visual Studio Solution File, Format Version 12.00
# Visual Studio Version 17
VisualStudioVersion = 17.3.32922.545
MinimumVisualStudioVersion = 10.0.40219.1
Project("{FAE04EC0-301F-11D3-BF4B-00C04F79EFBC}") = "AspNet-Assignment", "AspNet-Assignment\AspNet-Assignment.csproj", "{1DD60C0E-4DE1-4A3A-B0DE-D872F87233EA}"
EndProject
Global
	GlobalSection(SolutionConfigurationPlatforms) = preSolution
		Debug|Any CPU = Debug|Any CPU
		Release|Any CPU = Release|Any CPU
	EndGlobalSection
	GlobalSection(ProjectConfigurationPlatforms) = postSolution
		{1DD60C0E-4DE1-4A3A-B0DE-D872F87233EA}.Debug|Any CPU.ActiveCfg = Debug|Any CPU
		{1DD60C0E-4DE1-4A3A-B0DE-D872F87233EA}.Debug|Any CPU.Build.0 = Debug|Any CPU
		{1DD60C0E-4DE1-4A3A-B0DE-D872F87233EA}.Release|Any CPU.ActiveCfg = Release|Any CPU
		{1DD60C0E-4DE1-4A3A-B0DE-D872F87233EA}.Release|Any CPU.Build.0 = Release|Any CPU
	EndGlobalSection
	GlobalSection(SolutionProperties) = preSolution
		HideSolutionNode = FALSE
	EndGlobalSection
	GlobalSection(ExtensibilityGlobals) = postSolution
		SolutionGuid = {5BBF7306-F53C-4C69-840D-1BFF2A597E9D}
	EndGlobalSection
EndGlobal
